// !$*UTF8*$!
{
	archiveVersion = 1;
	classes = {
	};
	objectVersion = 50;
	objects = {

/* Begin PBXBuildFile section */
		0CC6851FDFF1F0B32AB1849C /* Pods_fbLogin3_0.framework in Frameworks */ = {isa = PBXBuildFile; fileRef = A70627C845D242E0EA8B3318 /* Pods_fbLogin3_0.framework */; };
		844692B44AFCD68FC239E216 /* Pods_fbLogin3_0Tests.framework in Frameworks */ = {isa = PBXBuildFile; fileRef = CCB6120B13A1016287FA4D65 /* Pods_fbLogin3_0Tests.framework */; };
		9554A4DA22DDEA8300CF3B09 /* AppDelegate.swift in Sources */ = {isa = PBXBuildFile; fileRef = 9554A4D922DDEA8300CF3B09 /* AppDelegate.swift */; };
		9554A4DC22DDEA8300CF3B09 /* ViewController.swift in Sources */ = {isa = PBXBuildFile; fileRef = 9554A4DB22DDEA8300CF3B09 /* ViewController.swift */; };
		9554A4DF22DDEA8300CF3B09 /* Main.storyboard in Resources */ = {isa = PBXBuildFile; fileRef = 9554A4DD22DDEA8300CF3B09 /* Main.storyboard */; };
		9554A4E122DDEA8400CF3B09 /* Assets.xcassets in Resources */ = {isa = PBXBuildFile; fileRef = 9554A4E022DDEA8400CF3B09 /* Assets.xcassets */; };
		9554A4E422DDEA8400CF3B09 /* LaunchScreen.storyboard in Resources */ = {isa = PBXBuildFile; fileRef = 9554A4E222DDEA8400CF3B09 /* LaunchScreen.storyboard */; };
		9554A4EF22DDEA8400CF3B09 /* fbLogin3_0Tests.swift in Sources */ = {isa = PBXBuildFile; fileRef = 9554A4EE22DDEA8400CF3B09 /* fbLogin3_0Tests.swift */; };
		9554A4FA22DDEA8400CF3B09 /* fbLogin3_0UITests.swift in Sources */ = {isa = PBXBuildFile; fileRef = 9554A4F922DDEA8400CF3B09 /* fbLogin3_0UITests.swift */; };
		A99A24C1139395DC7D6DB205 /* Pods_fbLogin3_0UITests.framework in Frameworks */ = {isa = PBXBuildFile; fileRef = A46D7EA1255D8DECD5327F10 /* Pods_fbLogin3_0UITests.framework */; };
/* End PBXBuildFile section */

/* Begin PBXContainerItemProxy section */
		9554A4EB22DDEA8400CF3B09 /* PBXContainerItemProxy */ = {
			isa = PBXContainerItemProxy;
			containerPortal = 9554A4CE22DDEA8300CF3B09 /* Project object */;
			proxyType = 1;
			remoteGlobalIDString = 9554A4D522DDEA8300CF3B09;
			remoteInfo = fbLogin3.0;
		};
		9554A4F622DDEA8400CF3B09 /* PBXContainerItemProxy */ = {
			isa = PBXContainerItemProxy;
			containerPortal = 9554A4CE22DDEA8300CF3B09 /* Project object */;
			proxyType = 1;
			remoteGlobalIDString = 9554A4D522DDEA8300CF3B09;
			remoteInfo = fbLogin3.0;
		};
/* End PBXContainerItemProxy section */

/* Begin PBXFileReference section */
		03DC5A6554C689B1FEF38F56 /* Pods-fbLogin3.0.release.xcconfig */ = {isa = PBXFileReference; includeInIndex = 1; lastKnownFileType = text.xcconfig; name = "Pods-fbLogin3.0.release.xcconfig"; path = "Target Support Files/Pods-fbLogin3.0/Pods-fbLogin3.0.release.xcconfig"; sourceTree = "<group>"; };
		089DD8803CB712BC1C08B5DC /* Pods-fbLogin3.0Tests.release.xcconfig */ = {isa = PBXFileReference; includeInIndex = 1; lastKnownFileType = text.xcconfig; name = "Pods-fbLogin3.0Tests.release.xcconfig"; path = "Target Support Files/Pods-fbLogin3.0Tests/Pods-fbLogin3.0Tests.release.xcconfig"; sourceTree = "<group>"; };
		4020162A6C0C6CBFC4571476 /* Pods-fbLogin3.0UITests.release.xcconfig */ = {isa = PBXFileReference; includeInIndex = 1; lastKnownFileType = text.xcconfig; name = "Pods-fbLogin3.0UITests.release.xcconfig"; path = "Target Support Files/Pods-fbLogin3.0UITests/Pods-fbLogin3.0UITests.release.xcconfig"; sourceTree = "<group>"; };
		5EDC8F99061FC917DD53EF13 /* Pods-fbLogin3.0Tests.debug.xcconfig */ = {isa = PBXFileReference; includeInIndex = 1; lastKnownFileType = text.xcconfig; name = "Pods-fbLogin3.0Tests.debug.xcconfig"; path = "Target Support Files/Pods-fbLogin3.0Tests/Pods-fbLogin3.0Tests.debug.xcconfig"; sourceTree = "<group>"; };
		67FABD70587595D770C25468 /* Pods-fbLogin3.0UITests.debug.xcconfig */ = {isa = PBXFileReference; includeInIndex = 1; lastKnownFileType = text.xcconfig; name = "Pods-fbLogin3.0UITests.debug.xcconfig"; path = "Target Support Files/Pods-fbLogin3.0UITests/Pods-fbLogin3.0UITests.debug.xcconfig"; sourceTree = "<group>"; };
		9554A4D622DDEA8300CF3B09 /* fbLogin3.0.app */ = {isa = PBXFileReference; explicitFileType = wrapper.application; includeInIndex = 0; path = fbLogin3.0.app; sourceTree = BUILT_PRODUCTS_DIR; };
		9554A4D922DDEA8300CF3B09 /* AppDelegate.swift */ = {isa = PBXFileReference; lastKnownFileType = sourcecode.swift; path = AppDelegate.swift; sourceTree = "<group>"; };
		9554A4DB22DDEA8300CF3B09 /* ViewController.swift */ = {isa = PBXFileReference; lastKnownFileType = sourcecode.swift; path = ViewController.swift; sourceTree = "<group>"; };
		9554A4DE22DDEA8300CF3B09 /* Base */ = {isa = PBXFileReference; lastKnownFileType = file.storyboard; name = Base; path = Base.lproj/Main.storyboard; sourceTree = "<group>"; };
		9554A4E022DDEA8400CF3B09 /* Assets.xcassets */ = {isa = PBXFileReference; lastKnownFileType = folder.assetcatalog; path = Assets.xcassets; sourceTree = "<group>"; };
		9554A4E322DDEA8400CF3B09 /* Base */ = {isa = PBXFileReference; lastKnownFileType = file.storyboard; name = Base; path = Base.lproj/LaunchScreen.storyboard; sourceTree = "<group>"; };
		9554A4E522DDEA8400CF3B09 /* Info.plist */ = {isa = PBXFileReference; lastKnownFileType = text.plist.xml; path = Info.plist; sourceTree = "<group>"; };
		9554A4EA22DDEA8400CF3B09 /* fbLogin3.0Tests.xctest */ = {isa = PBXFileReference; explicitFileType = wrapper.cfbundle; includeInIndex = 0; path = fbLogin3.0Tests.xctest; sourceTree = BUILT_PRODUCTS_DIR; };
		9554A4EE22DDEA8400CF3B09 /* fbLogin3_0Tests.swift */ = {isa = PBXFileReference; lastKnownFileType = sourcecode.swift; path = fbLogin3_0Tests.swift; sourceTree = "<group>"; };
		9554A4F022DDEA8400CF3B09 /* Info.plist */ = {isa = PBXFileReference; lastKnownFileType = text.plist.xml; path = Info.plist; sourceTree = "<group>"; };
		9554A4F522DDEA8400CF3B09 /* fbLogin3.0UITests.xctest */ = {isa = PBXFileReference; explicitFileType = wrapper.cfbundle; includeInIndex = 0; path = fbLogin3.0UITests.xctest; sourceTree = BUILT_PRODUCTS_DIR; };
		9554A4F922DDEA8400CF3B09 /* fbLogin3_0UITests.swift */ = {isa = PBXFileReference; lastKnownFileType = sourcecode.swift; path = fbLogin3_0UITests.swift; sourceTree = "<group>"; };
		9554A4FB22DDEA8400CF3B09 /* Info.plist */ = {isa = PBXFileReference; lastKnownFileType = text.plist.xml; path = Info.plist; sourceTree = "<group>"; };
		971BA2E8D010E3D53C968E0A /* Pods-fbLogin3.0.debug.xcconfig */ = {isa = PBXFileReference; includeInIndex = 1; lastKnownFileType = text.xcconfig; name = "Pods-fbLogin3.0.debug.xcconfig"; path = "Target Support Files/Pods-fbLogin3.0/Pods-fbLogin3.0.debug.xcconfig"; sourceTree = "<group>"; };
		A46D7EA1255D8DECD5327F10 /* Pods_fbLogin3_0UITests.framework */ = {isa = PBXFileReference; explicitFileType = wrapper.framework; includeInIndex = 0; path = Pods_fbLogin3_0UITests.framework; sourceTree = BUILT_PRODUCTS_DIR; };
		A70627C845D242E0EA8B3318 /* Pods_fbLogin3_0.framework */ = {isa = PBXFileReference; explicitFileType = wrapper.framework; includeInIndex = 0; path = Pods_fbLogin3_0.framework; sourceTree = BUILT_PRODUCTS_DIR; };
		CCB6120B13A1016287FA4D65 /* Pods_fbLogin3_0Tests.framework */ = {isa = PBXFileReference; explicitFileType = wrapper.framework; includeInIndex = 0; path = Pods_fbLogin3_0Tests.framework; sourceTree = BUILT_PRODUCTS_DIR; };
/* End PBXFileReference section */

/* Begin PBXFrameworksBuildPhase section */
		9554A4D322DDEA8300CF3B09 /* Frameworks */ = {
			isa = PBXFrameworksBuildPhase;
			buildActionMask = 2147483647;
			files = (
				0CC6851FDFF1F0B32AB1849C /* Pods_fbLogin3_0.framework in Frameworks */,
			);
			runOnlyForDeploymentPostprocessing = 0;
		};
		9554A4E722DDEA8400CF3B09 /* Frameworks */ = {
			isa = PBXFrameworksBuildPhase;
			buildActionMask = 2147483647;
			files = (
				844692B44AFCD68FC239E216 /* Pods_fbLogin3_0Tests.framework in Frameworks */,
			);
			runOnlyForDeploymentPostprocessing = 0;
		};
		9554A4F222DDEA8400CF3B09 /* Frameworks */ = {
			isa = PBXFrameworksBuildPhase;
			buildActionMask = 2147483647;
			files = (
				A99A24C1139395DC7D6DB205 /* Pods_fbLogin3_0UITests.framework in Frameworks */,
			);
			runOnlyForDeploymentPostprocessing = 0;
		};
/* End PBXFrameworksBuildPhase section */

/* Begin PBXGroup section */
		566F99DF2A54976C832D165F /* Pods */ = {
			isa = PBXGroup;
			children = (
				971BA2E8D010E3D53C968E0A /* Pods-fbLogin3.0.debug.xcconfig */,
				03DC5A6554C689B1FEF38F56 /* Pods-fbLogin3.0.release.xcconfig */,
				5EDC8F99061FC917DD53EF13 /* Pods-fbLogin3.0Tests.debug.xcconfig */,
				089DD8803CB712BC1C08B5DC /* Pods-fbLogin3.0Tests.release.xcconfig */,
				67FABD70587595D770C25468 /* Pods-fbLogin3.0UITests.debug.xcconfig */,
				4020162A6C0C6CBFC4571476 /* Pods-fbLogin3.0UITests.release.xcconfig */,
			);
			name = Pods;
			path = Pods;
			sourceTree = "<group>";
		};
		9554A4CD22DDEA8300CF3B09 = {
			isa = PBXGroup;
			children = (
				9554A4D822DDEA8300CF3B09 /* fbLogin3.0 */,
				9554A4ED22DDEA8400CF3B09 /* fbLogin3.0Tests */,
				9554A4F822DDEA8400CF3B09 /* fbLogin3.0UITests */,
				9554A4D722DDEA8300CF3B09 /* Products */,
				566F99DF2A54976C832D165F /* Pods */,
				CA7C636E07A17E6428121D21 /* Frameworks */,
			);
			sourceTree = "<group>";
		};
		9554A4D722DDEA8300CF3B09 /* Products */ = {
			isa = PBXGroup;
			children = (
				9554A4D622DDEA8300CF3B09 /* fbLogin3.0.app */,
				9554A4EA22DDEA8400CF3B09 /* fbLogin3.0Tests.xctest */,
				9554A4F522DDEA8400CF3B09 /* fbLogin3.0UITests.xctest */,
			);
			name = Products;
			sourceTree = "<group>";
		};
		9554A4D822DDEA8300CF3B09 /* fbLogin3.0 */ = {
			isa = PBXGroup;
			children = (
				9554A4D922DDEA8300CF3B09 /* AppDelegate.swift */,
				9554A4DB22DDEA8300CF3B09 /* ViewController.swift */,
				9554A4DD22DDEA8300CF3B09 /* Main.storyboard */,
				9554A4E022DDEA8400CF3B09 /* Assets.xcassets */,
				9554A4E222DDEA8400CF3B09 /* LaunchScreen.storyboard */,
				9554A4E522DDEA8400CF3B09 /* Info.plist */,
			);
			path = fbLogin3.0;
			sourceTree = "<group>";
		};
		9554A4ED22DDEA8400CF3B09 /* fbLogin3.0Tests */ = {
			isa = PBXGroup;
			children = (
				9554A4EE22DDEA8400CF3B09 /* fbLogin3_0Tests.swift */,
				9554A4F022DDEA8400CF3B09 /* Info.plist */,
			);
			path = fbLogin3.0Tests;
			sourceTree = "<group>";
		};
		9554A4F822DDEA8400CF3B09 /* fbLogin3.0UITests */ = {
			isa = PBXGroup;
			children = (
				9554A4F922DDEA8400CF3B09 /* fbLogin3_0UITests.swift */,
				9554A4FB22DDEA8400CF3B09 /* Info.plist */,
			);
			path = fbLogin3.0UITests;
			sourceTree = "<group>";
		};
		CA7C636E07A17E6428121D21 /* Frameworks */ = {
			isa = PBXGroup;
			children = (
				A70627C845D242E0EA8B3318 /* Pods_fbLogin3_0.framework */,
				CCB6120B13A1016287FA4D65 /* Pods_fbLogin3_0Tests.framework */,
				A46D7EA1255D8DECD5327F10 /* Pods_fbLogin3_0UITests.framework */,
			);
			name = Frameworks;
			sourceTree = "<group>";
		};
/* End PBXGroup section */

/* Begin PBXNativeTarget section */
		9554A4D522DDEA8300CF3B09 /* fbLogin3.0 */ = {
			isa = PBXNativeTarget;
			buildConfigurationList = 9554A4FE22DDEA8400CF3B09 /* Build configuration list for PBXNativeTarget "fbLogin3.0" */;
			buildPhases = (
				6BDA16D1F4673304ED864D3C /* [CP] Check Pods Manifest.lock */,
				9554A4D222DDEA8300CF3B09 /* Sources */,
				9554A4D322DDEA8300CF3B09 /* Frameworks */,
				9554A4D422DDEA8300CF3B09 /* Resources */,
				8F16D426B3D0035B143AD838 /* [CP] Embed Pods Frameworks */,
			);
			buildRules = (
			);
			dependencies = (
			);
			name = fbLogin3.0;
			productName = fbLogin3.0;
			productReference = 9554A4D622DDEA8300CF3B09 /* fbLogin3.0.app */;
			productType = "com.apple.product-type.application";
		};
		9554A4E922DDEA8400CF3B09 /* fbLogin3.0Tests */ = {
			isa = PBXNativeTarget;
			buildConfigurationList = 9554A50122DDEA8400CF3B09 /* Build configuration list for PBXNativeTarget "fbLogin3.0Tests" */;
			buildPhases = (
				418C8F66A57C8809E5B0033D /* [CP] Check Pods Manifest.lock */,
				9554A4E622DDEA8400CF3B09 /* Sources */,
				9554A4E722DDEA8400CF3B09 /* Frameworks */,
				9554A4E822DDEA8400CF3B09 /* Resources */,
			);
			buildRules = (
			);
			dependencies = (
				9554A4EC22DDEA8400CF3B09 /* PBXTargetDependency */,
			);
			name = fbLogin3.0Tests;
			productName = fbLogin3.0Tests;
			productReference = 9554A4EA22DDEA8400CF3B09 /* fbLogin3.0Tests.xctest */;
			productType = "com.apple.product-type.bundle.unit-test";
		};
		9554A4F422DDEA8400CF3B09 /* fbLogin3.0UITests */ = {
			isa = PBXNativeTarget;
			buildConfigurationList = 9554A50422DDEA8400CF3B09 /* Build configuration list for PBXNativeTarget "fbLogin3.0UITests" */;
			buildPhases = (
				1F4B809351216956994D968E /* [CP] Check Pods Manifest.lock */,
				9554A4F122DDEA8400CF3B09 /* Sources */,
				9554A4F222DDEA8400CF3B09 /* Frameworks */,
				9554A4F322DDEA8400CF3B09 /* Resources */,
			);
			buildRules = (
			);
			dependencies = (
				9554A4F722DDEA8400CF3B09 /* PBXTargetDependency */,
			);
			name = fbLogin3.0UITests;
			productName = fbLogin3.0UITests;
			productReference = 9554A4F522DDEA8400CF3B09 /* fbLogin3.0UITests.xctest */;
			productType = "com.apple.product-type.bundle.ui-testing";
		};
/* End PBXNativeTarget section */

/* Begin PBXProject section */
		9554A4CE22DDEA8300CF3B09 /* Project object */ = {
			isa = PBXProject;
			attributes = {
				LastSwiftUpdateCheck = 1020;
				LastUpgradeCheck = 1020;
				ORGANIZATIONNAME = gammastack;
				TargetAttributes = {
					9554A4D522DDEA8300CF3B09 = {
						CreatedOnToolsVersion = 10.2.1;
					};
					9554A4E922DDEA8400CF3B09 = {
						CreatedOnToolsVersion = 10.2.1;
						TestTargetID = 9554A4D522DDEA8300CF3B09;
					};
					9554A4F422DDEA8400CF3B09 = {
						CreatedOnToolsVersion = 10.2.1;
						TestTargetID = 9554A4D522DDEA8300CF3B09;
					};
				};
			};
			buildConfigurationList = 9554A4D122DDEA8300CF3B09 /* Build configuration list for PBXProject "fbLogin3.0" */;
			compatibilityVersion = "Xcode 9.3";
			developmentRegion = en;
			hasScannedForEncodings = 0;
			knownRegions = (
				en,
				Base,
			);
			mainGroup = 9554A4CD22DDEA8300CF3B09;
			productRefGroup = 9554A4D722DDEA8300CF3B09 /* Products */;
			projectDirPath = "";
			projectRoot = "";
			targets = (
				9554A4D522DDEA8300CF3B09 /* fbLogin3.0 */,
				9554A4E922DDEA8400CF3B09 /* fbLogin3.0Tests */,
				9554A4F422DDEA8400CF3B09 /* fbLogin3.0UITests */,
			);
		};
/* End PBXProject section */

/* Begin PBXResourcesBuildPhase section */
		9554A4D422DDEA8300CF3B09 /* Resources */ = {
			isa = PBXResourcesBuildPhase;
			buildActionMask = 2147483647;
			files = (
				9554A4E422DDEA8400CF3B09 /* LaunchScreen.storyboard in Resources */,
				9554A4E122DDEA8400CF3B09 /* Assets.xcassets in Resources */,
				9554A4DF22DDEA8300CF3B09 /* Main.storyboard in Resources */,
			);
			runOnlyForDeploymentPostprocessing = 0;
		};
		9554A4E822DDEA8400CF3B09 /* Resources */ = {
			isa = PBXResourcesBuildPhase;
			buildActionMask = 2147483647;
			files = (
			);
			runOnlyForDeploymentPostprocessing = 0;
		};
		9554A4F322DDEA8400CF3B09 /* Resources */ = {
			isa = PBXResourcesBuildPhase;
			buildActionMask = 2147483647;
			files = (
			);
			runOnlyForDeploymentPostprocessing = 0;
		};
/* End PBXResourcesBuildPhase section */

/* Begin PBXShellScriptBuildPhase section */
		1F4B809351216956994D968E /* [CP] Check Pods Manifest.lock */ = {
			isa = PBXShellScriptBuildPhase;
			buildActionMask = 2147483647;
			files = (
			);
			inputFileListPaths = (
			);
			inputPaths = (
				"${PODS_PODFILE_DIR_PATH}/Podfile.lock",
				"${PODS_ROOT}/Manifest.lock",
			);
			name = "[CP] Check Pods Manifest.lock";
			outputFileListPaths = (
			);
			outputPaths = (
				"$(DERIVED_FILE_DIR)/Pods-fbLogin3.0UITests-checkManifestLockResult.txt",
			);
			runOnlyForDeploymentPostprocessing = 0;
			shellPath = /bin/sh;
			shellScript = "diff \"${PODS_PODFILE_DIR_PATH}/Podfile.lock\" \"${PODS_ROOT}/Manifest.lock\" > /dev/null\nif [ $? != 0 ] ; then\n    # print error to STDERR\n    echo \"error: The sandbox is not in sync with the Podfile.lock. Run 'pod install' or update your CocoaPods installation.\" >&2\n    exit 1\nfi\n# This output is used by Xcode 'outputs' to avoid re-running this script phase.\necho \"SUCCESS\" > \"${SCRIPT_OUTPUT_FILE_0}\"\n";
			showEnvVarsInLog = 0;
		};
		418C8F66A57C8809E5B0033D /* [CP] Check Pods Manifest.lock */ = {
			isa = PBXShellScriptBuildPhase;
			buildActionMask = 2147483647;
			files = (
			);
			inputFileListPaths = (
			);
			inputPaths = (
				"${PODS_PODFILE_DIR_PATH}/Podfile.lock",
				"${PODS_ROOT}/Manifest.lock",
			);
			name = "[CP] Check Pods Manifest.lock";
			outputFileListPaths = (
			);
			outputPaths = (
				"$(DERIVED_FILE_DIR)/Pods-fbLogin3.0Tests-checkManifestLockResult.txt",
			);
			runOnlyForDeploymentPostprocessing = 0;
			shellPath = /bin/sh;
			shellScript = "diff \"${PODS_PODFILE_DIR_PATH}/Podfile.lock\" \"${PODS_ROOT}/Manifest.lock\" > /dev/null\nif [ $? != 0 ] ; then\n    # print error to STDERR\n    echo \"error: The sandbox is not in sync with the Podfile.lock. Run 'pod install' or update your CocoaPods installation.\" >&2\n    exit 1\nfi\n# This output is used by Xcode 'outputs' to avoid re-running this script phase.\necho \"SUCCESS\" > \"${SCRIPT_OUTPUT_FILE_0}\"\n";
			showEnvVarsInLog = 0;
		};
		6BDA16D1F4673304ED864D3C /* [CP] Check Pods Manifest.lock */ = {
			isa = PBXShellScriptBuildPhase;
			buildActionMask = 2147483647;
			files = (
			);
			inputFileListPaths = (
			);
			inputPaths = (
				"${PODS_PODFILE_DIR_PATH}/Podfile.lock",
				"${PODS_ROOT}/Manifest.lock",
			);
			name = "[CP] Check Pods Manifest.lock";
			outputFileListPaths = (
			);
			outputPaths = (
				"$(DERIVED_FILE_DIR)/Pods-fbLogin3.0-checkManifestLockResult.txt",
			);
			runOnlyForDeploymentPostprocessing = 0;
			shellPath = /bin/sh;
			shellScript = "diff \"${PODS_PODFILE_DIR_PATH}/Podfile.lock\" \"${PODS_ROOT}/Manifest.lock\" > /dev/null\nif [ $? != 0 ] ; then\n    # print error to STDERR\n    echo \"error: The sandbox is not in sync with the Podfile.lock. Run 'pod install' or update your CocoaPods installation.\" >&2\n    exit 1\nfi\n# This output is used by Xcode 'outputs' to avoid re-running this script phase.\necho \"SUCCESS\" > \"${SCRIPT_OUTPUT_FILE_0}\"\n";
			showEnvVarsInLog = 0;
		};
		8F16D426B3D0035B143AD838 /* [CP] Embed Pods Frameworks */ = {
			isa = PBXShellScriptBuildPhase;
			buildActionMask = 2147483647;
			files = (
			);
			inputFileListPaths = (
				"${PODS_ROOT}/Target Support Files/Pods-fbLogin3.0/Pods-fbLogin3.0-frameworks-${CONFIGURATION}-input-files.xcfilelist",
			);
			name = "[CP] Embed Pods Frameworks";
			outputFileListPaths = (
				"${PODS_ROOT}/Target Support Files/Pods-fbLogin3.0/Pods-fbLogin3.0-frameworks-${CONFIGURATION}-output-files.xcfilelist",
			);
			runOnlyForDeploymentPostprocessing = 0;
			shellPath = /bin/sh;
			shellScript = "\"${PODS_ROOT}/Target Support Files/Pods-fbLogin3.0/Pods-fbLogin3.0-frameworks.sh\"\n";
			showEnvVarsInLog = 0;
		};
/* End PBXShellScriptBuildPhase section */

/* Begin PBXSourcesBuildPhase section */
		9554A4D222DDEA8300CF3B09 /* Sources */ = {
			isa = PBXSourcesBuildPhase;
			buildActionMask = 2147483647;
			files = (
				9554A4DC22DDEA8300CF3B09 /* ViewController.swift in Sources */,
				9554A4DA22DDEA8300CF3B09 /* AppDelegate.swift in Sources */,
			);
			runOnlyForDeploymentPostprocessing = 0;
		};
		9554A4E622DDEA8400CF3B09 /* Sources */ = {
			isa = PBXSourcesBuildPhase;
			buildActionMask = 2147483647;
			files = (
				9554A4EF22DDEA8400CF3B09 /* fbLogin3_0Tests.swift in Sources */,
			);
			runOnlyForDeploymentPostprocessing = 0;
		};
		9554A4F122DDEA8400CF3B09 /* Sources */ = {
			isa = PBXSourcesBuildPhase;
			buildActionMask = 2147483647;
			files = (
				9554A4FA22DDEA8400CF3B09 /* fbLogin3_0UITests.swift in Sources */,
			);
			runOnlyForDeploymentPostprocessing = 0;
		};
/* End PBXSourcesBuildPhase section */

/* Begin PBXTargetDependency section */
		9554A4EC22DDEA8400CF3B09 /* PBXTargetDependency */ = {
			isa = PBXTargetDependency;
			target = 9554A4D522DDEA8300CF3B09 /* fbLogin3.0 */;
			targetProxy = 9554A4EB22DDEA8400CF3B09 /* PBXContainerItemProxy */;
		};
		9554A4F722DDEA8400CF3B09 /* PBXTargetDependency */ = {
			isa = PBXTargetDependency;
			target = 9554A4D522DDEA8300CF3B09 /* fbLogin3.0 */;
			targetProxy = 9554A4F622DDEA8400CF3B09 /* PBXContainerItemProxy */;
		};
/* End PBXTargetDependency section */

/* Begin PBXVariantGroup section */
		9554A4DD22DDEA8300CF3B09 /* Main.storyboard */ = {
			isa = PBXVariantGroup;
			children = (
				9554A4DE22DDEA8300CF3B09 /* Base */,
			);
			name = Main.storyboard;
			sourceTree = "<group>";
		};
		9554A4E222DDEA8400CF3B09 /* LaunchScreen.storyboard */ = {
			isa = PBXVariantGroup;
			children = (
				9554A4E322DDEA8400CF3B09 /* Base */,
			);
			name = LaunchScreen.storyboard;
			sourceTree = "<group>";
		};
/* End PBXVariantGroup section */

/* Begin XCBuildConfiguration section */
		9554A4FC22DDEA8400CF3B09 /* Debug */ = {
			isa = XCBuildConfiguration;
			buildSettings = {
				ALWAYS_SEARCH_USER_PATHS = NO;
				CLANG_ANALYZER_NONNULL = YES;
				CLANG_ANALYZER_NUMBER_OBJECT_CONVERSION = YES_AGGRESSIVE;
				CLANG_CXX_LANGUAGE_STANDARD = "gnu++14";
				CLANG_CXX_LIBRARY = "libc++";
				CLANG_ENABLE_MODULES = YES;
				CLANG_ENABLE_OBJC_ARC = YES;
				CLANG_ENABLE_OBJC_WEAK = YES;
				CLANG_WARN_BLOCK_CAPTURE_AUTORELEASING = YES;
				CLANG_WARN_BOOL_CONVERSION = YES;
				CLANG_WARN_COMMA = YES;
				CLANG_WARN_CONSTANT_CONVERSION = YES;
				CLANG_WARN_DEPRECATED_OBJC_IMPLEMENTATIONS = YES;
				CLANG_WARN_DIRECT_OBJC_ISA_USAGE = YES_ERROR;
				CLANG_WARN_DOCUMENTATION_COMMENTS = YES;
				CLANG_WARN_EMPTY_BODY = YES;
				CLANG_WARN_ENUM_CONVERSION = YES;
				CLANG_WARN_INFINITE_RECURSION = YES;
				CLANG_WARN_INT_CONVERSION = YES;
				CLANG_WARN_NON_LITERAL_NULL_CONVERSION = YES;
				CLANG_WARN_OBJC_IMPLICIT_RETAIN_SELF = YES;
				CLANG_WARN_OBJC_LITERAL_CONVERSION = YES;
				CLANG_WARN_OBJC_ROOT_CLASS = YES_ERROR;
				CLANG_WARN_RANGE_LOOP_ANALYSIS = YES;
				CLANG_WARN_STRICT_PROTOTYPES = YES;
				CLANG_WARN_SUSPICIOUS_MOVE = YES;
				CLANG_WARN_UNGUARDED_AVAILABILITY = YES_AGGRESSIVE;
				CLANG_WARN_UNREACHABLE_CODE = YES;
				CLANG_WARN__DUPLICATE_METHOD_MATCH = YES;
				CODE_SIGN_IDENTITY = "iPhone Developer";
				COPY_PHASE_STRIP = NO;
				DEBUG_INFORMATION_FORMAT = dwarf;
				ENABLE_STRICT_OBJC_MSGSEND = YES;
				ENABLE_TESTABILITY = YES;
				GCC_C_LANGUAGE_STANDARD = gnu11;
				GCC_DYNAMIC_NO_PIC = NO;
				GCC_NO_COMMON_BLOCKS = YES;
				GCC_OPTIMIZATION_LEVEL = 0;
				GCC_PREPROCESSOR_DEFINITIONS = (
					"DEBUG=1",
					"$(inherited)",
				);
				GCC_WARN_64_TO_32_BIT_CONVERSION = YES;
				GCC_WARN_ABOUT_RETURN_TYPE = YES_ERROR;
				GCC_WARN_UNDECLARED_SELECTOR = YES;
				GCC_WARN_UNINITIALIZED_AUTOS = YES_AGGRESSIVE;
				GCC_WARN_UNUSED_FUNCTION = YES;
				GCC_WARN_UNUSED_VARIABLE = YES;
				IPHONEOS_DEPLOYMENT_TARGET = 12.2;
				MTL_ENABLE_DEBUG_INFO = INCLUDE_SOURCE;
				MTL_FAST_MATH = YES;
				ONLY_ACTIVE_ARCH = YES;
				SDKROOT = iphoneos;
				SWIFT_ACTIVE_COMPILATION_CONDITIONS = DEBUG;
				SWIFT_OPTIMIZATION_LEVEL = "-Onone";
			};
			name = Debug;
		};
		9554A4FD22DDEA8400CF3B09 /* Release */ = {
			isa = XCBuildConfiguration;
			buildSettings = {
				ALWAYS_SEARCH_USER_PATHS = NO;
				CLANG_ANALYZER_NONNULL = YES;
				CLANG_ANALYZER_NUMBER_OBJECT_CONVERSION = YES_AGGRESSIVE;
				CLANG_CXX_LANGUAGE_STANDARD = "gnu++14";
				CLANG_CXX_LIBRARY = "libc++";
				CLANG_ENABLE_MODULES = YES;
				CLANG_ENABLE_OBJC_ARC = YES;
				CLANG_ENABLE_OBJC_WEAK = YES;
				CLANG_WARN_BLOCK_CAPTURE_AUTORELEASING = YES;
				CLANG_WARN_BOOL_CONVERSION = YES;
				CLANG_WARN_COMMA = YES;
				CLANG_WARN_CONSTANT_CONVERSION = YES;
				CLANG_WARN_DEPRECATED_OBJC_IMPLEMENTATIONS = YES;
				CLANG_WARN_DIRECT_OBJC_ISA_USAGE = YES_ERROR;
				CLANG_WARN_DOCUMENTATION_COMMENTS = YES;
				CLANG_WARN_EMPTY_BODY = YES;
				CLANG_WARN_ENUM_CONVERSION = YES;
				CLANG_WARN_INFINITE_RECURSION = YES;
				CLANG_WARN_INT_CONVERSION = YES;
				CLANG_WARN_NON_LITERAL_NULL_CONVERSION = YES;
				CLANG_WARN_OBJC_IMPLICIT_RETAIN_SELF = YES;
				CLANG_WARN_OBJC_LITERAL_CONVERSION = YES;
				CLANG_WARN_OBJC_ROOT_CLASS = YES_ERROR;
				CLANG_WARN_RANGE_LOOP_ANALYSIS = YES;
				CLANG_WARN_STRICT_PROTOTYPES = YES;
				CLANG_WARN_SUSPICIOUS_MOVE = YES;
				CLANG_WARN_UNGUARDED_AVAILABILITY = YES_AGGRESSIVE;
				CLANG_WARN_UNREACHABLE_CODE = YES;
				CLANG_WARN__DUPLICATE_METHOD_MATCH = YES;
				CODE_SIGN_IDENTITY = "iPhone Developer";
				COPY_PHASE_STRIP = NO;
				DEBUG_INFORMATION_FORMAT = "dwarf-with-dsym";
				ENABLE_NS_ASSERTIONS = NO;
				ENABLE_STRICT_OBJC_MSGSEND = YES;
				GCC_C_LANGUAGE_STANDARD = gnu11;
				GCC_NO_COMMON_BLOCKS = YES;
				GCC_WARN_64_TO_32_BIT_CONVERSION = YES;
				GCC_WARN_ABOUT_RETURN_TYPE = YES_ERROR;
				GCC_WARN_UNDECLARED_SELECTOR = YES;
				GCC_WARN_UNINITIALIZED_AUTOS = YES_AGGRESSIVE;
				GCC_WARN_UNUSED_FUNCTION = YES;
				GCC_WARN_UNUSED_VARIABLE = YES;
				IPHONEOS_DEPLOYMENT_TARGET = 12.2;
				MTL_ENABLE_DEBUG_INFO = NO;
				MTL_FAST_MATH = YES;
				SDKROOT = iphoneos;
				SWIFT_COMPILATION_MODE = wholemodule;
				SWIFT_OPTIMIZATION_LEVEL = "-O";
				VALIDATE_PRODUCT = YES;
			};
			name = Release;
		};
		9554A4FF22DDEA8400CF3B09 /* Debug */ = {
			isa = XCBuildConfiguration;
			baseConfigurationReference = 971BA2E8D010E3D53C968E0A /* Pods-fbLogin3.0.debug.xcconfig */;
			buildSettings = {
				ASSETCATALOG_COMPILER_APPICON_NAME = AppIcon;
				CODE_SIGN_STYLE = Automatic;
				INFOPLIST_FILE = fbLogin3.0/Info.plist;
				LD_RUNPATH_SEARCH_PATHS = (
					"$(inherited)",
					"@executable_path/Frameworks",
				);
				PRODUCT_BUNDLE_IDENTIFIER = "com.app.fbLogin3-0";
				PRODUCT_NAME = "$(TARGET_NAME)";
				SWIFT_VERSION = 5.0;
				TARGETED_DEVICE_FAMILY = "1,2";
			};
			name = Debug;
		};
		9554A50022DDEA8400CF3B09 /* Release */ = {
			isa = XCBuildConfiguration;
			baseConfigurationReference = 03DC5A6554C689B1FEF38F56 /* Pods-fbLogin3.0.release.xcconfig */;
			buildSettings = {
				ASSETCATALOG_COMPILER_APPICON_NAME = AppIcon;
				CODE_SIGN_STYLE = Automatic;
				INFOPLIST_FILE = fbLogin3.0/Info.plist;
				LD_RUNPATH_SEARCH_PATHS = (
					"$(inherited)",
					"@executable_path/Frameworks",
				);
				PRODUCT_BUNDLE_IDENTIFIER = "com.app.fbLogin3-0";
				PRODUCT_NAME = "$(TARGET_NAME)";
				SWIFT_VERSION = 5.0;
				TARGETED_DEVICE_FAMILY = "1,2";
			};
			name = Release;
		};
		9554A50222DDEA8400CF3B09 /* Debug */ = {
			isa = XCBuildConfiguration;
			baseConfigurationReference = 5EDC8F99061FC917DD53EF13 /* Pods-fbLogin3.0Tests.debug.xcconfig */;
			buildSettings = {
				ALWAYS_EMBED_SWIFT_STANDARD_LIBRARIES = YES;
				BUNDLE_LOADER = "$(TEST_HOST)";
				CODE_SIGN_STYLE = Automatic;
				INFOPLIST_FILE = fbLogin3.0Tests/Info.plist;
				LD_RUNPATH_SEARCH_PATHS = (
					"$(inherited)",
					"@executable_path/Frameworks",
					"@loader_path/Frameworks",
				);
				PRODUCT_BUNDLE_IDENTIFIER = "com.app.fbLogin3-0Tests";
				PRODUCT_NAME = "$(TARGET_NAME)";
				SWIFT_VERSION = 5.0;
				TARGETED_DEVICE_FAMILY = "1,2";
				TEST_HOST = "$(BUILT_PRODUCTS_DIR)/fbLogin3.0.app/fbLogin3.0";
			};
			name = Debug;
		};
		9554A50322DDEA8400CF3B09 /* Release */ = {
			isa = XCBuildConfiguration;
			baseConfigurationReference = 089DD8803CB712BC1C08B5DC /* Pods-fbLogin3.0Tests.release.xcconfig */;
			buildSettings = {
				ALWAYS_EMBED_SWIFT_STANDARD_LIBRARIES = YES;
				BUNDLE_LOADER = "$(TEST_HOST)";
				CODE_SIGN_STYLE = Automatic;
				INFOPLIST_FILE = fbLogin3.0Tests/Info.plist;
				LD_RUNPATH_SEARCH_PATHS = (
					"$(inherited)",
					"@executable_path/Frameworks",
					"@loader_path/Frameworks",
				);
				PRODUCT_BUNDLE_IDENTIFIER = "com.app.fbLogin3-0Tests";
				PRODUCT_NAME = "$(TARGET_NAME)";
				SWIFT_VERSION = 5.0;
				TARGETED_DEVICE_FAMILY = "1,2";
				TEST_HOST = "$(BUILT_PRODUCTS_DIR)/fbLogin3.0.app/fbLogin3.0";
			};
			name = Release;
		};
		9554A50522DDEA8400CF3B09 /* Debug */ = {
			isa = XCBuildConfiguration;
			baseConfigurationReference = 67FABD70587595D770C25468 /* Pods-fbLogin3.0UITests.debug.xcconfig */;
			buildSettings = {
				ALWAYS_EMBED_SWIFT_STANDARD_LIBRARIES = YES;
				CODE_SIGN_STYLE = Automatic;
				INFOPLIST_FILE = fbLogin3.0UITests/Info.plist;
				LD_RUNPATH_SEARCH_PATHS = (
					"$(inherited)",
					"@executable_path/Frameworks",
					"@loader_path/Frameworks",
				);
				PRODUCT_BUNDLE_IDENTIFIER = "com.app.fbLogin3-0UITests";
				PRODUCT_NAME = "$(TARGET_NAME)";
				SWIFT_VERSION = 5.0;
				TARGETED_DEVICE_FAMILY = "1,2";
				TEST_TARGET_NAME = fbLogin3.0;
			};
			name = Debug;
		};
		9554A50622DDEA8400CF3B09 /* Release */ = {
			isa = XCBuildConfiguration;
			baseConfigurationReference = 4020162A6C0C6CBFC4571476 /* Pods-fbLogin3.0UITests.release.xcconfig */;
			buildSettings = {
				ALWAYS_EMBED_SWIFT_STANDARD_LIBRARIES = YES;
				CODE_SIGN_STYLE = Automatic;
				INFOPLIST_FILE = fbLogin3.0UITests/Info.plist;
				LD_RUNPATH_SEARCH_PATHS = (
					"$(inherited)",
					"@executable_path/Frameworks",
					"@loader_path/Frameworks",
				);
				PRODUCT_BUNDLE_IDENTIFIER = "com.app.fbLogin3-0UITests";
				PRODUCT_NAME = "$(TARGET_NAME)";
				SWIFT_VERSION = 5.0;
				TARGETED_DEVICE_FAMILY = "1,2";
				TEST_TARGET_NAME = fbLogin3.0;
			};
			name = Release;
		};
/* End XCBuildConfiguration section */

/* Begin XCConfigurationList section */
		9554A4D122DDEA8300CF3B09 /* Build configuration list for PBXProject "fbLogin3.0" */ = {
			isa = XCConfigurationList;
			buildConfigurations = (
				9554A4FC22DDEA8400CF3B09 /* Debug */,
				9554A4FD22DDEA8400CF3B09 /* Release */,
			);
			defaultConfigurationIsVisible = 0;
			defaultConfigurationName = Release;
		};
		9554A4FE22DDEA8400CF3B09 /* Build configuration list for PBXNativeTarget "fbLogin3.0" */ = {
			isa = XCConfigurationList;
			buildConfigurations = (
				9554A4FF22DDEA8400CF3B09 /* Debug */,
				9554A50022DDEA8400CF3B09 /* Release */,
			);
			defaultConfigurationIsVisible = 0;
			defaultConfigurationName = Release;
		};
		9554A50122DDEA8400CF3B09 /* Build configuration list for PBXNativeTarget "fbLogin3.0Tests" */ = {
			isa = XCConfigurationList;
			buildConfigurations = (
				9554A50222DDEA8400CF3B09 /* Debug */,
				9554A50322DDEA8400CF3B09 /* Release */,
			);
			defaultConfigurationIsVisible = 0;
			defaultConfigurationName = Release;
		};
		9554A50422DDEA8400CF3B09 /* Build configuration list for PBXNativeTarget "fbLogin3.0UITests" */ = {
			isa = XCConfigurationList;
			buildConfigurations = (
				9554A50522DDEA8400CF3B09 /* Debug */,
				9554A50622DDEA8400CF3B09 /* Release */,
			);
			defaultConfigurationIsVisible = 0;
			defaultConfigurationName = Release;
		};
/* End XCConfigurationList section */
	};
	rootObject = 9554A4CE22DDEA8300CF3B09 /* Project object */;
}
